// !$*UTF8*$!
{
	archiveVersion = 1;
	classes = {
	};
	objectVersion = 46;
	objects = {

/* Begin PBXBuildFile section */
		9B0077251E358BAF0031FD97 /* AppDelegate.swift in Sources */ = {isa = PBXBuildFile; fileRef = 9B0077241E358BAF0031FD97 /* AppDelegate.swift */; };
		9B0077271E358BAF0031FD97 /* ViewController.swift in Sources */ = {isa = PBXBuildFile; fileRef = 9B0077261E358BAF0031FD97 /* ViewController.swift */; };
		9B00772A1E358BAF0031FD97 /* Main.storyboard in Resources */ = {isa = PBXBuildFile; fileRef = 9B0077281E358BAF0031FD97 /* Main.storyboard */; };
		9B00772C1E358BAF0031FD97 /* Assets.xcassets in Resources */ = {isa = PBXBuildFile; fileRef = 9B00772B1E358BAF0031FD97 /* Assets.xcassets */; };
		9B00772F1E358BAF0031FD97 /* LaunchScreen.storyboard in Resources */ = {isa = PBXBuildFile; fileRef = 9B00772D1E358BAF0031FD97 /* LaunchScreen.storyboard */; };
/* End PBXBuildFile section */

/* Begin PBXFileReference section */
		9B0077211E358BAF0031FD97 /* CalculatorAssign.app */ = {isa = PBXFileReference; explicitFileType = wrapper.application; includeInIndex = 0; path = CalculatorAssign.app; sourceTree = BUILT_PRODUCTS_DIR; };
		9B0077241E358BAF0031FD97 /* AppDelegate.swift */ = {isa = PBXFileReference; lastKnownFileType = sourcecode.swift; path = AppDelegate.swift; sourceTree = "<group>"; };
		9B0077261E358BAF0031FD97 /* ViewController.swift */ = {isa = PBXFileReference; lastKnownFileType = sourcecode.swift; path = ViewController.swift; sourceTree = "<group>"; };
		9B0077291E358BAF0031FD97 /* Base */ = {isa = PBXFileReference; lastKnownFileType = file.storyboard; name = Base; path = Base.lproj/Main.storyboard; sourceTree = "<group>"; };
		9B00772B1E358BAF0031FD97 /* Assets.xcassets */ = {isa = PBXFileReference; lastKnownFileType = folder.assetcatalog; path = Assets.xcassets; sourceTree = "<group>"; };
		9B00772E1E358BAF0031FD97 /* Base */ = {isa = PBXFileReference; lastKnownFileType = file.storyboard; name = Base; path = Base.lproj/LaunchScreen.storyboard; sourceTree = "<group>"; };
		9B0077301E358BAF0031FD97 /* Info.plist */ = {isa = PBXFileReference; lastKnownFileType = text.plist.xml; path = Info.plist; sourceTree = "<group>"; };
/* End PBXFileReference section */

/* Begin PBXFrameworksBuildPhase section */
		9B00771E1E358BAF0031FD97 /* Frameworks */ = {
			isa = PBXFrameworksBuildPhase;
			buildActionMask = 2147483647;
			files = (
			);
			runOnlyForDeploymentPostprocessing = 0;
		};
/* End PBXFrameworksBuildPhase section */

/* Begin PBXGroup section */
		9B0077181E358BAF0031FD97 = {
			isa = PBXGroup;
			children = (
				9B0077231E358BAF0031FD97 /* CalculatorAssign */,
				9B0077221E358BAF0031FD97 /* Products */,
			);
			sourceTree = "<group>";
		};
		9B0077221E358BAF0031FD97 /* Products */ = {
			isa = PBXGroup;
			children = (
				9B0077211E358BAF0031FD97 /* CalculatorAssign.app */,
			);
			name = Products;
			sourceTree = "<group>";
		};
		9B0077231E358BAF0031FD97 /* CalculatorAssign */ = {
			isa = PBXGroup;
			children = (
				9B0077241E358BAF0031FD97 /* AppDelegate.swift */,
				9B0077261E358BAF0031FD97 /* ViewController.swift */,
				9B0077281E358BAF0031FD97 /* Main.storyboard */,
				9B00772B1E358BAF0031FD97 /* Assets.xcassets */,
				9B00772D1E358BAF0031FD97 /* LaunchScreen.storyboard */,
				9B0077301E358BAF0031FD97 /* Info.plist */,
			);
			path = CalculatorAssign;
			sourceTree = "<group>";
		};
/* End PBXGroup section */

/* Begin PBXNativeTarget section */
		9B0077201E358BAF0031FD97 /* CalculatorAssign */ = {
			isa = PBXNativeTarget;
			buildConfigurationList = 9B0077331E358BAF0031FD97 /* Build configuration list for PBXNativeTarget "CalculatorAssign" */;
			buildPhases = (
				9B00771D1E358BAF0031FD97 /* Sources */,
				9B00771E1E358BAF0031FD97 /* Frameworks */,
				9B00771F1E358BAF0031FD97 /* Resources */,
			);
			buildRules = (
			);
			dependencies = (
			);
			name = CalculatorAssign;
			productName = CalculatorAssign;
			productReference = 9B0077211E358BAF0031FD97 /* CalculatorAssign.app */;
			productType = "com.apple.product-type.application";
		};
/* End PBXNativeTarget section */

/* Begin PBXProject section */
		9B0077191E358BAF0031FD97 /* Project object */ = {
			isa = PBXProject;
			attributes = {
				LastSwiftUpdateCheck = 0820;
				LastUpgradeCheck = 0820;
				ORGANIZATIONNAME = CentennialCollege;
				TargetAttributes = {
					9B0077201E358BAF0031FD97 = {
						CreatedOnToolsVersion = 8.2.1;
						DevelopmentTeam = PU8FU556JB;
						ProvisioningStyle = Automatic;
					};
				};
			};
			buildConfigurationList = 9B00771C1E358BAF0031FD97 /* Build configuration list for PBXProject "CalculatorAssign" */;
			compatibilityVersion = "Xcode 3.2";
			developmentRegion = English;
			hasScannedForEncodings = 0;
			knownRegions = (
				en,
				Base,
			);
			mainGroup = 9B0077181E358BAF0031FD97;
			productRefGroup = 9B0077221E358BAF0031FD97 /* Products */;
			projectDirPath = "";
			projectRoot = "";
			targets = (
				9B0077201E358BAF0031FD97 /* CalculatorAssign */,
			);
		};
/* End PBXProject section */

/* Begin PBXResourcesBuildPhase section */
		9B00771F1E358BAF0031FD97 /* Resources */ = {
			isa = PBXResourcesBuildPhase;
			buildActionMask = 2147483647;
			files = (
				9B00772F1E358BAF0031FD97 /* LaunchScreen.storyboard in Resources */,
				9B00772C1E358BAF0031FD97 /* Assets.xcassets in Resources */,
				9B00772A1E358BAF0031FD97 /* Main.storyboard in Resources */,
			);
			runOnlyForDeploymentPostprocessing = 0;
		};
/* End PBXResourcesBuildPhase section */

/* Begin PBXSourcesBuildPhase section */
		9B00771D1E358BAF0031FD97 /* Sources */ = {
			isa = PBXSourcesBuildPhase;
			buildActionMask = 2147483647;
			files = (
				9B0077271E358BAF0031FD97 /* ViewController.swift in Sources */,
				9B0077251E358BAF0031FD97 /* AppDelegate.swift in Sources */,
			);
			runOnlyForDeploymentPostprocessing = 0;
		};
/* End PBXSourcesBuildPhase section */

/* Begin PBXVariantGroup section */
		9B0077281E358BAF0031FD97 /* Main.storyboard */ = {
			isa = PBXVariantGroup;
			children = (
				9B0077291E358BAF0031FD97 /* Base */,
			);
			name = Main.storyboard;
			sourceTree = "<group>";
		};
		9B00772D1E358BAF0031FD97 /* LaunchScreen.storyboard */ = {
			isa = PBXVariantGroup;
			children = (
				9B00772E1E358BAF0031FD97 /* Base */,
			);
			name = LaunchScreen.storyboard;
			sourceTree = "<group>";
		};
/* End PBXVariantGroup section */

/* Begin XCBuildConfiguration section */
		9B0077311E358BAF0031FD97 /* Debug */ = {
			isa = XCBuildConfiguration;
			buildSettings = {
				ALWAYS_SEARCH_USER_PATHS = NO;
				CLANG_ANALYZER_NONNULL = YES;
				CLANG_CXX_LANGUAGE_STANDARD = "gnu++0x";
				CLANG_CXX_LIBRARY = "libc++";
				CLANG_ENABLE_MODULES = YES;
				CLANG_ENABLE_OBJC_ARC = YES;
				CLANG_WARN_BOOL_CONVERSION = YES;
				CLANG_WARN_CONSTANT_CONVERSION = YES;
				CLANG_WARN_DIRECT_OBJC_ISA_USAGE = YES_ERROR;
				CLANG_WARN_DOCUMENTATION_COMMENTS = YES;
				CLANG_WARN_EMPTY_BODY = YES;
				CLANG_WARN_ENUM_CONVERSION = YES;
				CLANG_WARN_INFINITE_RECURSION = YES;
				CLANG_WARN_INT_CONVERSION = YES;
				CLANG_WARN_OBJC_ROOT_CLASS = YES_ERROR;
				CLANG_WARN_SUSPICIOUS_MOVE = YES;
				CLANG_WARN_UNREACHABLE_CODE = YES;
				CLANG_WARN__DUPLICATE_METHOD_MATCH = YES;
				"CODE_SIGN_IDENTITY[sdk=iphoneos*]" = "iPhone Developer";
				COPY_PHASE_STRIP = NO;
				DEBUG_INFORMATION_FORMAT = dwarf;
				ENABLE_STRICT_OBJC_MSGSEND = YES;
				ENABLE_TESTABILITY = YES;
				GCC_C_LANGUAGE_STANDARD = gnu99;
				GCC_DYNAMIC_NO_PIC = NO;
				GCC_NO_COMMON_BLOCKS = YES;
				GCC_OPTIMIZATION_LEVEL = 0;
				GCC_PREPROCESSOR_DEFINITIONS = (
					"DEBUG=1",
					"$(inherited)",
				);
				GCC_WARN_64_TO_32_BIT_CONVERSION = YES;
				GCC_WARN_ABOUT_RETURN_TYPE = YES_ERROR;
				GCC_WARN_UNDECLARED_SELECTOR = YES;
				GCC_WARN_UNINITIALIZED_AUTOS = YES_AGGRESSIVE;
				GCC_WARN_UNUSED_FUNCTION = YES;
				GCC_WARN_UNUSED_VARIABLE = YES;
				IPHONEOS_DEPLOYMENT_TARGET = 10.2;
				MTL_ENABLE_DEBUG_INFO = YES;
				ONLY_ACTIVE_ARCH = YES;
				SDKROOT = iphoneos;
				SWIFT_ACTIVE_COMPILATION_CONDITIONS = DEBUG;
				SWIFT_OPTIMIZATION_LEVEL = "-Onone";
				TARGETED_DEVICE_FAMILY = "1,2";
			};
			name = Debug;
		};
		9B0077321E358BAF0031FD97 /* Release */ = {
			isa = XCBuildConfiguration;
			buildSettings = {
				ALWAYS_SEARCH_USER_PATHS = NO;
				CLANG_ANALYZER_NONNULL = YES;
				CLANG_CXX_LANGUAGE_STANDARD = "gnu++0x";
				CLANG_CXX_LIBRARY = "libc++";
				CLANG_ENABLE_MODULES = YES;
				CLANG_ENABLE_OBJC_ARC = YES;
				CLANG_WARN_BOOL_CONVERSION = YES;
				CLANG_WARN_CONSTANT_CONVERSION = YES;
				CLANG_WARN_DIRECT_OBJC_ISA_USAGE = YES_ERROR;
				CLANG_WARN_DOCUMENTATION_COMMENTS = YES;
				CLANG_WARN_EMPTY_BODY = YES;
				CLANG_WARN_ENUM_CONVERSION = YES;
				CLANG_WARN_INFINITE_RECURSION = YES;
				CLANG_WARN_INT_CONVERSION = YES;
				CLANG_WARN_OBJC_ROOT_CLASS = YES_ERROR;
				CLANG_WARN_SUSPICIOUS_MOVE = YES;
				CLANG_WARN_UNREACHABLE_CODE = YES;
				CLANG_WARN__DUPLICATE_METHOD_MATCH = YES;
				"CODE_SIGN_IDENTITY[sdk=iphoneos*]" = "iPhone Developer";
				COPY_PHASE_STRIP = NO;
				DEBUG_INFORMATION_FORMAT = "dwarf-with-dsym";
				ENABLE_NS_ASSERTIONS = NO;
				ENABLE_STRICT_OBJC_MSGSEND = YES;
				GCC_C_LANGUAGE_STANDARD = gnu99;
				GCC_NO_COMMON_BLOCKS = YES;
				GCC_WARN_64_TO_32_BIT_CONVERSION = YES;
				GCC_WARN_ABOUT_RETURN_TYPE = YES_ERROR;
				GCC_WARN_UNDECLARED_SELECTOR = YES;
				GCC_WARN_UNINITIALIZED_AUTOS = YES_AGGRESSIVE;
				GCC_WARN_UNUSED_FUNCTION = YES;
				GCC_WARN_UNUSED_VARIABLE = YES;
				IPHONEOS_DEPLOYMENT_TARGET = 10.2;
				MTL_ENABLE_DEBUG_INFO = NO;
				SDKROOT = iphoneos;
				SWIFT_OPTIMIZATION_LEVEL = "-Owholemodule";
				TARGETED_DEVICE_FAMILY = "1,2";
				VALIDATE_PRODUCT = YES;
			};
			name = Release;
		};
		9B0077341E358BAF0031FD97 /* Debug */ = {
			isa = XCBuildConfiguration;
			buildSettings = {
				ASSETCATALOG_COMPILER_APPICON_NAME = AppIcon;
				DEVELOPMENT_TEAM = PU8FU556JB;
				INFOPLIST_FILE = CalculatorAssign/Info.plist;
				LD_RUNPATH_SEARCH_PATHS = "$(inherited) @executable_path/Frameworks";
				PRODUCT_BUNDLE_IDENTIFIER = com.Alisha.CalculatorAssign;
				PRODUCT_NAME = "$(TARGET_NAME)";
				SWIFT_VERSION = 3.0;
			};
			name = Debug;
		};
		9B0077351E358BAF0031FD97 /* Release */ = {
			isa = XCBuildConfiguration;
			buildSettings = {
				ASSETCATALOG_COMPILER_APPICON_NAME = AppIcon;
				DEVELOPMENT_TEAM = PU8FU556JB;
				INFOPLIST_FILE = CalculatorAssign/Info.plist;
				LD_RUNPATH_SEARCH_PATHS = "$(inherited) @executable_path/Frameworks";
				PRODUCT_BUNDLE_IDENTIFIER = com.Alisha.CalculatorAssign;
				PRODUCT_NAME = "$(TARGET_NAME)";
				SWIFT_VERSION = 3.0;
			};
			name = Release;
		};
/* End XCBuildConfiguration section */

/* Begin XCConfigurationList section */
		9B00771C1E358BAF0031FD97 /* Build configuration list for PBXProject "CalculatorAssign" */ = {
			isa = XCConfigurationList;
			buildConfigurations = (
				9B0077311E358BAF0031FD97 /* Debug */,
				9B0077321E358BAF0031FD97 /* Release */,
			);
			defaultConfigurationIsVisible = 0;
			defaultConfigurationName = Release;
		};
		9B0077331E358BAF0031FD97 /* Build configuration list for PBXNativeTarget "CalculatorAssign" */ = {
			isa = XCConfigurationList;
			buildConfigurations = (
				9B0077341E358BAF0031FD97 /* Debug */,
				9B0077351E358BAF0031FD97 /* Release */,
			);
			defaultConfigurationIsVisible = 0;
		};
/* End XCConfigurationList section */
	};
	rootObject = 9B0077191E358BAF0031FD97 /* Project object */;
}
